
Microsoft Visual Studio Solution File, Format Version 11.00
# Visual Studio 2010
Project("{FAE04EC0-301F-11D3-BF4B-00C04F79EFBC}") = "WindowsGame1", "WindowsGame1\WindowsGame1\WindowsGame1.csproj", "{48B4CAFB-0326-45A7-9F3F-1C37AB3046BB}"
EndProject
Project("{96E2B04D-8817-42C6-938A-82C39BA4D311}") = "WindowsGame1Content", "WindowsGame1\WindowsGame1Content\WindowsGame1Content.contentproj", "{B8DD138B-564D-4864-89A4-90D1F6C66307}"
EndProject
Global
	GlobalSection(SolutionConfigurationPlatforms) = preSolution
		Debug|x86 = Debug|x86
		Release|x86 = Release|x86
	EndGlobalSection
	GlobalSection(ProjectConfigurationPlatforms) = postSolution
		{48B4CAFB-0326-45A7-9F3F-1C37AB3046BB}.Debug|x86.ActiveCfg = Debug|x86
		{48B4CAFB-0326-45A7-9F3F-1C37AB3046BB}.Debug|x86.Build.0 = Debug|x86
		{48B4CAFB-0326-45A7-9F3F-1C37AB3046BB}.Release|x86.ActiveCfg = Release|x86
		{48B4CAFB-0326-45A7-9F3F-1C37AB3046BB}.Release|x86.Build.0 = Release|x86
		{B8DD138B-564D-4864-89A4-90D1F6C66307}.Debug|x86.ActiveCfg = Debug|x86
		{B8DD138B-564D-4864-89A4-90D1F6C66307}.Release|x86.ActiveCfg = Release|x86
	EndGlobalSection
	GlobalSection(SolutionProperties) = preSolution
		HideSolutionNode = FALSE
	EndGlobalSection
EndGlobal
